
Microsoft Visual Studio Solution File, Format Version 12.00
# Visual Studio Version 17
VisualStudioVersion = 17.0.32112.339
MinimumVisualStudioVersion = 10.0.40219.1
Project("{FAE04EC0-301F-11D3-BF4B-00C04F79EFBC}") = "WebShop", "WebShop\WebShop.csproj", "{0FA29F5A-01B8-453F-9FBC-44D0C5C8040B}"
EndProject
Global
	GlobalSection(SolutionConfigurationPlatforms) = preSolution
		Debug|Any CPU = Debug|Any CPU
		Release|Any CPU = Release|Any CPU
	EndGlobalSection
	GlobalSection(ProjectConfigurationPlatforms) = postSolution
		{0FA29F5A-01B8-453F-9FBC-44D0C5C8040B}.Debug|Any CPU.ActiveCfg = Debug|Any CPU
		{0FA29F5A-01B8-453F-9FBC-44D0C5C8040B}.Debug|Any CPU.Build.0 = Debug|Any CPU
		{0FA29F5A-01B8-453F-9FBC-44D0C5C8040B}.Release|Any CPU.ActiveCfg = Release|Any CPU
		{0FA29F5A-01B8-453F-9FBC-44D0C5C8040B}.Release|Any CPU.Build.0 = Release|Any CPU
	EndGlobalSection
	GlobalSection(SolutionProperties) = preSolution
		HideSolutionNode = FALSE
	EndGlobalSection
	GlobalSection(ExtensibilityGlobals) = postSolution
		SolutionGuid = {75638B05-1C9D-4C22-A22D-232CF10D11BF}
	EndGlobalSection
EndGlobal
